
Microsoft Visual Studio Solution File, Format Version 12.00
# Visual Studio Version 16
VisualStudioVersion = 16.0.29911.84
MinimumVisualStudioVersion = 10.0.40219.1
Project("{FAE04EC0-301F-11D3-BF4B-00C04F79EFBC}") = "WebApplication1", "WebApplication1\WebApplication1.csproj", "{43EE0B55-0F74-40E8-A9CF-B1F45B0CD0E1}"
EndProject
Global
	GlobalSection(SolutionConfigurationPlatforms) = preSolution
		Debug|Any CPU = Debug|Any CPU
		Release|Any CPU = Release|Any CPU
	EndGlobalSection
	GlobalSection(ProjectConfigurationPlatforms) = postSolution
		{43EE0B55-0F74-40E8-A9CF-B1F45B0CD0E1}.Debug|Any CPU.ActiveCfg = Debug|Any CPU
		{43EE0B55-0F74-40E8-A9CF-B1F45B0CD0E1}.Debug|Any CPU.Build.0 = Debug|Any CPU
		{43EE0B55-0F74-40E8-A9CF-B1F45B0CD0E1}.Release|Any CPU.ActiveCfg = Release|Any CPU
		{43EE0B55-0F74-40E8-A9CF-B1F45B0CD0E1}.Release|Any CPU.Build.0 = Release|Any CPU
	EndGlobalSection
	GlobalSection(SolutionProperties) = preSolution
		HideSolutionNode = FALSE
	EndGlobalSection
	GlobalSection(ExtensibilityGlobals) = postSolution
		SolutionGuid = {6E2EEF34-7E81-4A60-8928-F0D653158BB1}
	EndGlobalSection
EndGlobal
